
Microsoft Visual Studio Solution File, Format Version 12.00
# Visual Studio Version 16
VisualStudioVersion = 16.0.30114.105
MinimumVisualStudioVersion = 10.0.40219.1
Project("{9A19103F-16F7-4668-BE54-9A1E7A4F7556}") = "Sport Retail", "Sport Retail\Sport Retail.csproj", "{F741A960-8805-4E64-8314-CA4C96DC79AE}"
EndProject
Global
	GlobalSection(SolutionConfigurationPlatforms) = preSolution
		Debug|Any CPU = Debug|Any CPU
		Release|Any CPU = Release|Any CPU
	EndGlobalSection
	GlobalSection(ProjectConfigurationPlatforms) = postSolution
		{F741A960-8805-4E64-8314-CA4C96DC79AE}.Debug|Any CPU.ActiveCfg = Debug|Any CPU
		{F741A960-8805-4E64-8314-CA4C96DC79AE}.Debug|Any CPU.Build.0 = Debug|Any CPU
		{F741A960-8805-4E64-8314-CA4C96DC79AE}.Release|Any CPU.ActiveCfg = Release|Any CPU
		{F741A960-8805-4E64-8314-CA4C96DC79AE}.Release|Any CPU.Build.0 = Release|Any CPU
	EndGlobalSection
	GlobalSection(SolutionProperties) = preSolution
		HideSolutionNode = FALSE
	EndGlobalSection
	GlobalSection(ExtensibilityGlobals) = postSolution
		SolutionGuid = {E2DC5245-2633-4450-BB51-0F67A71CDD0D}
	EndGlobalSection
EndGlobal
